{
    "name": "@opencomponents/examples-js",
    "lockfileVersion": 3,
    "requires": true,
    "packages": {
        "": {
            "name": "@opencomponents/examples-js",
            "dependencies": {
                "@opencomponents/core": "file:../../packages/core"
            }
        },
        "../../packages/core": {
            "name": "@opencomponents/core",
            "version": "0.0.1"
        },
        "node_modules/@opencomponents/core": {
            "resolved": "../../packages/core",
            "link": true
        }
    }
}
